
Microsoft Visual Studio Solution File, Format Version 12.00
# Visual Studio 15
VisualStudioVersion = 15.0.28307.168
MinimumVisualStudioVersion = 10.0.40219.1
Project("{FAE04EC0-301F-11D3-BF4B-00C04F79EFBC}") = "ProbabilityCalculator", "ProbabilityCalculator\ProbabilityCalculator.csproj", "{0391D641-8FC4-4BE1-B995-E16B05A6FA9A}"
EndProject
Project("{FAE04EC0-301F-11D3-BF4B-00C04F79EFBC}") = "ProbabilityTest", "ProbabilityTest\ProbabilityTest.csproj", "{7BC97EFF-3031-4D44-B62D-33B2C5C4A2FE}"
EndProject
Global
	GlobalSection(SolutionConfigurationPlatforms) = preSolution
		Debug|Any CPU = Debug|Any CPU
		Release|Any CPU = Release|Any CPU
	EndGlobalSection
	GlobalSection(ProjectConfigurationPlatforms) = postSolution
		{0391D641-8FC4-4BE1-B995-E16B05A6FA9A}.Debug|Any CPU.ActiveCfg = Debug|Any CPU
		{0391D641-8FC4-4BE1-B995-E16B05A6FA9A}.Debug|Any CPU.Build.0 = Debug|Any CPU
		{0391D641-8FC4-4BE1-B995-E16B05A6FA9A}.Release|Any CPU.ActiveCfg = Release|Any CPU
		{0391D641-8FC4-4BE1-B995-E16B05A6FA9A}.Release|Any CPU.Build.0 = Release|Any CPU
		{7BC97EFF-3031-4D44-B62D-33B2C5C4A2FE}.Debug|Any CPU.ActiveCfg = Debug|Any CPU
		{7BC97EFF-3031-4D44-B62D-33B2C5C4A2FE}.Debug|Any CPU.Build.0 = Debug|Any CPU
		{7BC97EFF-3031-4D44-B62D-33B2C5C4A2FE}.Release|Any CPU.ActiveCfg = Release|Any CPU
		{7BC97EFF-3031-4D44-B62D-33B2C5C4A2FE}.Release|Any CPU.Build.0 = Release|Any CPU
	EndGlobalSection
	GlobalSection(SolutionProperties) = preSolution
		HideSolutionNode = FALSE
	EndGlobalSection
	GlobalSection(ExtensibilityGlobals) = postSolution
		SolutionGuid = {6A9DCCDF-178B-47E1-A79F-418D0AD55037}
	EndGlobalSection
EndGlobal
